
Microsoft Visual Studio Solution File, Format Version 12.00
# Visual Studio 15
VisualStudioVersion = 15.0.27428.1
MinimumVisualStudioVersion = 10.0.40219.1
Project("{FAE04EC0-301F-11D3-BF4B-00C04F79EFBC}") = "PropertyTest", "PropertyTest\PropertyTest.csproj", "{CA4112F6-081D-4F4F-A7CA-BA9479B9AF72}"
EndProject
Global
	GlobalSection(SolutionConfigurationPlatforms) = preSolution
		Debug|Any CPU = Debug|Any CPU
		Release|Any CPU = Release|Any CPU
	EndGlobalSection
	GlobalSection(ProjectConfigurationPlatforms) = postSolution
		{CA4112F6-081D-4F4F-A7CA-BA9479B9AF72}.Debug|Any CPU.ActiveCfg = Debug|Any CPU
		{CA4112F6-081D-4F4F-A7CA-BA9479B9AF72}.Debug|Any CPU.Build.0 = Debug|Any CPU
		{CA4112F6-081D-4F4F-A7CA-BA9479B9AF72}.Release|Any CPU.ActiveCfg = Release|Any CPU
		{CA4112F6-081D-4F4F-A7CA-BA9479B9AF72}.Release|Any CPU.Build.0 = Release|Any CPU
	EndGlobalSection
	GlobalSection(SolutionProperties) = preSolution
		HideSolutionNode = FALSE
	EndGlobalSection
	GlobalSection(ExtensibilityGlobals) = postSolution
		SolutionGuid = {C1368136-E921-4017-92BB-6AFC09E851CF}
	EndGlobalSection
EndGlobal
