
Microsoft Visual Studio Solution File, Format Version 12.00
# Visual Studio 15
VisualStudioVersion = 15.0.27428.1
MinimumVisualStudioVersion = 10.0.40219.1
Project("{FAE04EC0-301F-11D3-BF4B-00C04F79EFBC}") = "UsingApplication", "UsingApplication\UsingApplication.csproj", "{A56056D1-5E23-46D6-A7CE-5A0840460C18}"
EndProject
Global
	GlobalSection(SolutionConfigurationPlatforms) = preSolution
		Debug|Any CPU = Debug|Any CPU
		Release|Any CPU = Release|Any CPU
	EndGlobalSection
	GlobalSection(ProjectConfigurationPlatforms) = postSolution
		{A56056D1-5E23-46D6-A7CE-5A0840460C18}.Debug|Any CPU.ActiveCfg = Debug|Any CPU
		{A56056D1-5E23-46D6-A7CE-5A0840460C18}.Debug|Any CPU.Build.0 = Debug|Any CPU
		{A56056D1-5E23-46D6-A7CE-5A0840460C18}.Release|Any CPU.ActiveCfg = Release|Any CPU
		{A56056D1-5E23-46D6-A7CE-5A0840460C18}.Release|Any CPU.Build.0 = Release|Any CPU
	EndGlobalSection
	GlobalSection(SolutionProperties) = preSolution
		HideSolutionNode = FALSE
	EndGlobalSection
	GlobalSection(ExtensibilityGlobals) = postSolution
		SolutionGuid = {2DA31DA3-0396-4820-998D-CE45AB0F4CEE}
	EndGlobalSection
EndGlobal
