
Microsoft Visual Studio Solution File, Format Version 12.00
# Visual Studio 15
VisualStudioVersion = 15.0.27428.1
MinimumVisualStudioVersion = 10.0.40219.1
Project("{FAE04EC0-301F-11D3-BF4B-00C04F79EFBC}") = "Traning3", "Traning3\Traning3.csproj", "{CF78BD1D-6D53-4E5D-B035-E53B7D1837DE}"
EndProject
Global
	GlobalSection(SolutionConfigurationPlatforms) = preSolution
		Debug|Any CPU = Debug|Any CPU
		Release|Any CPU = Release|Any CPU
	EndGlobalSection
	GlobalSection(ProjectConfigurationPlatforms) = postSolution
		{CF78BD1D-6D53-4E5D-B035-E53B7D1837DE}.Debug|Any CPU.ActiveCfg = Debug|Any CPU
		{CF78BD1D-6D53-4E5D-B035-E53B7D1837DE}.Debug|Any CPU.Build.0 = Debug|Any CPU
		{CF78BD1D-6D53-4E5D-B035-E53B7D1837DE}.Release|Any CPU.ActiveCfg = Release|Any CPU
		{CF78BD1D-6D53-4E5D-B035-E53B7D1837DE}.Release|Any CPU.Build.0 = Release|Any CPU
	EndGlobalSection
	GlobalSection(SolutionProperties) = preSolution
		HideSolutionNode = FALSE
	EndGlobalSection
	GlobalSection(ExtensibilityGlobals) = postSolution
		SolutionGuid = {9C261DD3-9EF7-4F9A-A595-A3187947A617}
	EndGlobalSection
EndGlobal
